
Microsoft Visual Studio Solution File, Format Version 12.00
# Visual Studio Version 17
VisualStudioVersion = 17.8.34525.116
MinimumVisualStudioVersion = 10.0.40219.1
Project("{FAE04EC0-301F-11D3-BF4B-00C04F79EFBC}") = "NotHesaplama", "NotHesaplama\NotHesaplama.csproj", "{3DC1EF70-50A2-4218-9277-4D2AE7414F0F}"
EndProject
Global
	GlobalSection(SolutionConfigurationPlatforms) = preSolution
		Debug|Any CPU = Debug|Any CPU
		Release|Any CPU = Release|Any CPU
	EndGlobalSection
	GlobalSection(ProjectConfigurationPlatforms) = postSolution
		{3DC1EF70-50A2-4218-9277-4D2AE7414F0F}.Debug|Any CPU.ActiveCfg = Debug|Any CPU
		{3DC1EF70-50A2-4218-9277-4D2AE7414F0F}.Debug|Any CPU.Build.0 = Debug|Any CPU
		{3DC1EF70-50A2-4218-9277-4D2AE7414F0F}.Release|Any CPU.ActiveCfg = Release|Any CPU
		{3DC1EF70-50A2-4218-9277-4D2AE7414F0F}.Release|Any CPU.Build.0 = Release|Any CPU
	EndGlobalSection
	GlobalSection(SolutionProperties) = preSolution
		HideSolutionNode = FALSE
	EndGlobalSection
	GlobalSection(ExtensibilityGlobals) = postSolution
		SolutionGuid = {DB92D776-99FA-4CAC-BB50-7A3CA07B3E3F}
	EndGlobalSection
EndGlobal
