
Microsoft Visual Studio Solution File, Format Version 12.00
# Visual Studio Version 17
VisualStudioVersion = 17.8.34525.116
MinimumVisualStudioVersion = 10.0.40219.1
Project("{FAE04EC0-301F-11D3-BF4B-00C04F79EFBC}") = "Donguler_3", "Donguler_3\Donguler_3.csproj", "{18DEBB76-C694-4284-A34A-52C87B6AC290}"
EndProject
Global
	GlobalSection(SolutionConfigurationPlatforms) = preSolution
		Debug|Any CPU = Debug|Any CPU
		Release|Any CPU = Release|Any CPU
	EndGlobalSection
	GlobalSection(ProjectConfigurationPlatforms) = postSolution
		{18DEBB76-C694-4284-A34A-52C87B6AC290}.Debug|Any CPU.ActiveCfg = Debug|Any CPU
		{18DEBB76-C694-4284-A34A-52C87B6AC290}.Debug|Any CPU.Build.0 = Debug|Any CPU
		{18DEBB76-C694-4284-A34A-52C87B6AC290}.Release|Any CPU.ActiveCfg = Release|Any CPU
		{18DEBB76-C694-4284-A34A-52C87B6AC290}.Release|Any CPU.Build.0 = Release|Any CPU
	EndGlobalSection
	GlobalSection(SolutionProperties) = preSolution
		HideSolutionNode = FALSE
	EndGlobalSection
	GlobalSection(ExtensibilityGlobals) = postSolution
		SolutionGuid = {D437F751-B710-4021-B566-51577E327658}
	EndGlobalSection
EndGlobal
