
Microsoft Visual Studio Solution File, Format Version 12.00
# Visual Studio Version 17
VisualStudioVersion = 17.8.34525.116
MinimumVisualStudioVersion = 10.0.40219.1
Project("{FAE04EC0-301F-11D3-BF4B-00C04F79EFBC}") = "SwitchCase", "SwitchCase\SwitchCase.csproj", "{7B5DA292-C023-4693-B2C4-30659BA473AD}"
EndProject
Global
	GlobalSection(SolutionConfigurationPlatforms) = preSolution
		Debug|Any CPU = Debug|Any CPU
		Release|Any CPU = Release|Any CPU
	EndGlobalSection
	GlobalSection(ProjectConfigurationPlatforms) = postSolution
		{7B5DA292-C023-4693-B2C4-30659BA473AD}.Debug|Any CPU.ActiveCfg = Debug|Any CPU
		{7B5DA292-C023-4693-B2C4-30659BA473AD}.Debug|Any CPU.Build.0 = Debug|Any CPU
		{7B5DA292-C023-4693-B2C4-30659BA473AD}.Release|Any CPU.ActiveCfg = Release|Any CPU
		{7B5DA292-C023-4693-B2C4-30659BA473AD}.Release|Any CPU.Build.0 = Release|Any CPU
	EndGlobalSection
	GlobalSection(SolutionProperties) = preSolution
		HideSolutionNode = FALSE
	EndGlobalSection
	GlobalSection(ExtensibilityGlobals) = postSolution
		SolutionGuid = {F5D6C265-986F-4503-9E92-D69AFFD95040}
	EndGlobalSection
EndGlobal
