
Microsoft Visual Studio Solution File, Format Version 12.00
# Visual Studio Version 17
VisualStudioVersion = 17.8.34525.116
MinimumVisualStudioVersion = 10.0.40219.1
Project("{FAE04EC0-301F-11D3-BF4B-00C04F79EFBC}") = "Donguler_2", "Donguler_2\Donguler_2.csproj", "{01F5EC2F-9572-4BD2-8F8D-0D9B30324DB0}"
EndProject
Global
	GlobalSection(SolutionConfigurationPlatforms) = preSolution
		Debug|Any CPU = Debug|Any CPU
		Release|Any CPU = Release|Any CPU
	EndGlobalSection
	GlobalSection(ProjectConfigurationPlatforms) = postSolution
		{01F5EC2F-9572-4BD2-8F8D-0D9B30324DB0}.Debug|Any CPU.ActiveCfg = Debug|Any CPU
		{01F5EC2F-9572-4BD2-8F8D-0D9B30324DB0}.Debug|Any CPU.Build.0 = Debug|Any CPU
		{01F5EC2F-9572-4BD2-8F8D-0D9B30324DB0}.Release|Any CPU.ActiveCfg = Release|Any CPU
		{01F5EC2F-9572-4BD2-8F8D-0D9B30324DB0}.Release|Any CPU.Build.0 = Release|Any CPU
	EndGlobalSection
	GlobalSection(SolutionProperties) = preSolution
		HideSolutionNode = FALSE
	EndGlobalSection
	GlobalSection(ExtensibilityGlobals) = postSolution
		SolutionGuid = {55177903-80E3-4023-AB9E-E3F30DEFFC44}
	EndGlobalSection
EndGlobal
